
Microsoft Visual Studio Solution File, Format Version 12.00
# Visual Studio Version 17
VisualStudioVersion = 17.0.31903.59
MinimumVisualStudioVersion = 10.0.40219.1
Project("{F2A71F9B-5D33-465A-A702-920D77279786}") = "Day1", "Day1\Day1.fsproj", "{93E95251-DE55-4F7D-A4C4-53BC948E22F1}"
EndProject
Global
	GlobalSection(SolutionConfigurationPlatforms) = preSolution
		Debug|Any CPU = Debug|Any CPU
		Release|Any CPU = Release|Any CPU
	EndGlobalSection
	GlobalSection(SolutionProperties) = preSolution
		HideSolutionNode = FALSE
	EndGlobalSection
	GlobalSection(ProjectConfigurationPlatforms) = postSolution
		{93E95251-DE55-4F7D-A4C4-53BC948E22F1}.Debug|Any CPU.ActiveCfg = Debug|Any CPU
		{93E95251-DE55-4F7D-A4C4-53BC948E22F1}.Debug|Any CPU.Build.0 = Debug|Any CPU
		{93E95251-DE55-4F7D-A4C4-53BC948E22F1}.Release|Any CPU.ActiveCfg = Release|Any CPU
		{93E95251-DE55-4F7D-A4C4-53BC948E22F1}.Release|Any CPU.Build.0 = Release|Any CPU
	EndGlobalSection
EndGlobal
