
Microsoft Visual Studio Solution File, Format Version 12.00
# Visual Studio Version 17
VisualStudioVersion = 17.0.31903.59
MinimumVisualStudioVersion = 10.0.40219.1
Project("{F2A71F9B-5D33-465A-A702-920D77279786}") = "Day1", "Day1\Day1.fsproj", "{93E95251-DE55-4F7D-A4C4-53BC948E22F1}"
EndProject
Project("{F2A71F9B-5D33-465A-A702-920D77279786}") = "Day2", "Day2\Day2.fsproj", "{AC7A646A-349D-4052-AD37-7880246D3C77}"
EndProject
Project("{F2A71F9B-5D33-465A-A702-920D77279786}") = "Day3", "Day3\Day3.fsproj", "{E9F1FCBC-578B-4DF1-81BB-AFC831C2A127}"
EndProject
Project("{F2A71F9B-5D33-465A-A702-920D77279786}") = "Day4", "Day4\Day4.fsproj", "{6E493B5A-0EE3-4F31-A979-ADE5988B34E3}"
EndProject
Project("{F2A71F9B-5D33-465A-A702-920D77279786}") = "Day5", "Day5\Day5.fsproj", "{C085C08C-7289-4FD8-9785-50BA6333094B}"
EndProject
Project("{F2A71F9B-5D33-465A-A702-920D77279786}") = "Day6", "Day6\Day6.fsproj", "{34B8CD31-E3EC-4E70-9200-DF0A34DF44F9}"
EndProject
Project("{F2A71F9B-5D33-465A-A702-920D77279786}") = "Day7", "Day7\Day7.fsproj", "{D134113E-514E-4772-AEAE-75108D7020C1}"
EndProject
Global
	GlobalSection(SolutionConfigurationPlatforms) = preSolution
		Debug|Any CPU = Debug|Any CPU
		Release|Any CPU = Release|Any CPU
	EndGlobalSection
	GlobalSection(SolutionProperties) = preSolution
		HideSolutionNode = FALSE
	EndGlobalSection
	GlobalSection(ProjectConfigurationPlatforms) = postSolution
		{93E95251-DE55-4F7D-A4C4-53BC948E22F1}.Debug|Any CPU.ActiveCfg = Debug|Any CPU
		{93E95251-DE55-4F7D-A4C4-53BC948E22F1}.Debug|Any CPU.Build.0 = Debug|Any CPU
		{93E95251-DE55-4F7D-A4C4-53BC948E22F1}.Release|Any CPU.ActiveCfg = Release|Any CPU
		{93E95251-DE55-4F7D-A4C4-53BC948E22F1}.Release|Any CPU.Build.0 = Release|Any CPU
		{AC7A646A-349D-4052-AD37-7880246D3C77}.Debug|Any CPU.ActiveCfg = Debug|Any CPU
		{AC7A646A-349D-4052-AD37-7880246D3C77}.Debug|Any CPU.Build.0 = Debug|Any CPU
		{AC7A646A-349D-4052-AD37-7880246D3C77}.Release|Any CPU.ActiveCfg = Release|Any CPU
		{AC7A646A-349D-4052-AD37-7880246D3C77}.Release|Any CPU.Build.0 = Release|Any CPU
		{E9F1FCBC-578B-4DF1-81BB-AFC831C2A127}.Debug|Any CPU.ActiveCfg = Debug|Any CPU
		{E9F1FCBC-578B-4DF1-81BB-AFC831C2A127}.Debug|Any CPU.Build.0 = Debug|Any CPU
		{E9F1FCBC-578B-4DF1-81BB-AFC831C2A127}.Release|Any CPU.ActiveCfg = Release|Any CPU
		{E9F1FCBC-578B-4DF1-81BB-AFC831C2A127}.Release|Any CPU.Build.0 = Release|Any CPU
		{6E493B5A-0EE3-4F31-A979-ADE5988B34E3}.Debug|Any CPU.ActiveCfg = Debug|Any CPU
		{6E493B5A-0EE3-4F31-A979-ADE5988B34E3}.Debug|Any CPU.Build.0 = Debug|Any CPU
		{6E493B5A-0EE3-4F31-A979-ADE5988B34E3}.Release|Any CPU.ActiveCfg = Release|Any CPU
		{6E493B5A-0EE3-4F31-A979-ADE5988B34E3}.Release|Any CPU.Build.0 = Release|Any CPU
		{C085C08C-7289-4FD8-9785-50BA6333094B}.Debug|Any CPU.ActiveCfg = Debug|Any CPU
		{C085C08C-7289-4FD8-9785-50BA6333094B}.Debug|Any CPU.Build.0 = Debug|Any CPU
		{C085C08C-7289-4FD8-9785-50BA6333094B}.Release|Any CPU.ActiveCfg = Release|Any CPU
		{C085C08C-7289-4FD8-9785-50BA6333094B}.Release|Any CPU.Build.0 = Release|Any CPU
		{34B8CD31-E3EC-4E70-9200-DF0A34DF44F9}.Debug|Any CPU.ActiveCfg = Debug|Any CPU
		{34B8CD31-E3EC-4E70-9200-DF0A34DF44F9}.Debug|Any CPU.Build.0 = Debug|Any CPU
		{34B8CD31-E3EC-4E70-9200-DF0A34DF44F9}.Release|Any CPU.ActiveCfg = Release|Any CPU
		{34B8CD31-E3EC-4E70-9200-DF0A34DF44F9}.Release|Any CPU.Build.0 = Release|Any CPU
		{D134113E-514E-4772-AEAE-75108D7020C1}.Debug|Any CPU.ActiveCfg = Debug|Any CPU
		{D134113E-514E-4772-AEAE-75108D7020C1}.Debug|Any CPU.Build.0 = Debug|Any CPU
		{D134113E-514E-4772-AEAE-75108D7020C1}.Release|Any CPU.ActiveCfg = Release|Any CPU
		{D134113E-514E-4772-AEAE-75108D7020C1}.Release|Any CPU.Build.0 = Release|Any CPU
	EndGlobalSection
EndGlobal
