
Microsoft Visual Studio Solution File, Format Version 12.00
# Visual Studio Version 17
VisualStudioVersion = 17.0.31903.59
MinimumVisualStudioVersion = 10.0.40219.1
Project("{F2A71F9B-5D33-465A-A702-920D77279786}") = "Day1", "Day1\Day1.fsproj", "{93E95251-DE55-4F7D-A4C4-53BC948E22F1}"
EndProject
Project("{F2A71F9B-5D33-465A-A702-920D77279786}") = "Day2", "Day2\Day2.fsproj", "{AC7A646A-349D-4052-AD37-7880246D3C77}"
EndProject
Project("{F2A71F9B-5D33-465A-A702-920D77279786}") = "Day3", "Day3\Day3.fsproj", "{E9F1FCBC-578B-4DF1-81BB-AFC831C2A127}"
EndProject
Project("{F2A71F9B-5D33-465A-A702-920D77279786}") = "Day4", "Day4\Day4.fsproj", "{6E493B5A-0EE3-4F31-A979-ADE5988B34E3}"
EndProject
Project("{F2A71F9B-5D33-465A-A702-920D77279786}") = "Day5", "Day5\Day5.fsproj", "{C085C08C-7289-4FD8-9785-50BA6333094B}"
EndProject
Project("{F2A71F9B-5D33-465A-A702-920D77279786}") = "Day6", "Day6\Day6.fsproj", "{34B8CD31-E3EC-4E70-9200-DF0A34DF44F9}"
EndProject
Project("{F2A71F9B-5D33-465A-A702-920D77279786}") = "Day7", "Day7\Day7.fsproj", "{D134113E-514E-4772-AEAE-75108D7020C1}"
EndProject
Project("{F2A71F9B-5D33-465A-A702-920D77279786}") = "Day8", "Day8\Day8.fsproj", "{82C247F2-7986-4116-9C7E-F1F3D5C5389F}"
EndProject
Project("{F2A71F9B-5D33-465A-A702-920D77279786}") = "Prelude", "Prelude\Prelude.fsproj", "{2EDCF581-F9B0-49BF-860D-738CA9C935D2}"
EndProject
Project("{F2A71F9B-5D33-465A-A702-920D77279786}") = "Day9", "Day9\Day9.fsproj", "{CF60E095-063B-4061-B7D5-A6F7982F24C6}"
EndProject
Project("{F2A71F9B-5D33-465A-A702-920D77279786}") = "Day10", "Day10\Day10.fsproj", "{3FF16CB5-9CC4-4BBC-96D5-E19AAB16C863}"
EndProject
Project("{F2A71F9B-5D33-465A-A702-920D77279786}") = "Day11", "Day11\Day11.fsproj", "{00302E7F-CDEE-4618-8033-CDC692582D6D}"
EndProject
Project("{F2A71F9B-5D33-465A-A702-920D77279786}") = "Day12", "Day12\Day12.fsproj", "{AD6DAD05-7C43-457E-88C2-E77B9E029175}"
EndProject
Project("{F2A71F9B-5D33-465A-A702-920D77279786}") = "Day13", "Day13\Day13.fsproj", "{3D29E54F-F2F1-4A49-AD97-46AB351EE3F1}"
EndProject
Project("{F2A71F9B-5D33-465A-A702-920D77279786}") = "Day14", "Day14\Day14.fsproj", "{C7A1781D-743D-42AB-89DE-CE1EDCED42A5}"
EndProject
Project("{F2A71F9B-5D33-465A-A702-920D77279786}") = "Day15", "Day15\Day15.fsproj", "{28E5B783-8FD6-4C17-A645-47C2EAE31D48}"
EndProject
Global
	GlobalSection(SolutionConfigurationPlatforms) = preSolution
		Debug|Any CPU = Debug|Any CPU
		Release|Any CPU = Release|Any CPU
	EndGlobalSection
	GlobalSection(SolutionProperties) = preSolution
		HideSolutionNode = FALSE
	EndGlobalSection
	GlobalSection(ProjectConfigurationPlatforms) = postSolution
		{93E95251-DE55-4F7D-A4C4-53BC948E22F1}.Debug|Any CPU.ActiveCfg = Debug|Any CPU
		{93E95251-DE55-4F7D-A4C4-53BC948E22F1}.Debug|Any CPU.Build.0 = Debug|Any CPU
		{93E95251-DE55-4F7D-A4C4-53BC948E22F1}.Release|Any CPU.ActiveCfg = Release|Any CPU
		{93E95251-DE55-4F7D-A4C4-53BC948E22F1}.Release|Any CPU.Build.0 = Release|Any CPU
		{AC7A646A-349D-4052-AD37-7880246D3C77}.Debug|Any CPU.ActiveCfg = Debug|Any CPU
		{AC7A646A-349D-4052-AD37-7880246D3C77}.Debug|Any CPU.Build.0 = Debug|Any CPU
		{AC7A646A-349D-4052-AD37-7880246D3C77}.Release|Any CPU.ActiveCfg = Release|Any CPU
		{AC7A646A-349D-4052-AD37-7880246D3C77}.Release|Any CPU.Build.0 = Release|Any CPU
		{E9F1FCBC-578B-4DF1-81BB-AFC831C2A127}.Debug|Any CPU.ActiveCfg = Debug|Any CPU
		{E9F1FCBC-578B-4DF1-81BB-AFC831C2A127}.Debug|Any CPU.Build.0 = Debug|Any CPU
		{E9F1FCBC-578B-4DF1-81BB-AFC831C2A127}.Release|Any CPU.ActiveCfg = Release|Any CPU
		{E9F1FCBC-578B-4DF1-81BB-AFC831C2A127}.Release|Any CPU.Build.0 = Release|Any CPU
		{6E493B5A-0EE3-4F31-A979-ADE5988B34E3}.Debug|Any CPU.ActiveCfg = Debug|Any CPU
		{6E493B5A-0EE3-4F31-A979-ADE5988B34E3}.Debug|Any CPU.Build.0 = Debug|Any CPU
		{6E493B5A-0EE3-4F31-A979-ADE5988B34E3}.Release|Any CPU.ActiveCfg = Release|Any CPU
		{6E493B5A-0EE3-4F31-A979-ADE5988B34E3}.Release|Any CPU.Build.0 = Release|Any CPU
		{C085C08C-7289-4FD8-9785-50BA6333094B}.Debug|Any CPU.ActiveCfg = Debug|Any CPU
		{C085C08C-7289-4FD8-9785-50BA6333094B}.Debug|Any CPU.Build.0 = Debug|Any CPU
		{C085C08C-7289-4FD8-9785-50BA6333094B}.Release|Any CPU.ActiveCfg = Release|Any CPU
		{C085C08C-7289-4FD8-9785-50BA6333094B}.Release|Any CPU.Build.0 = Release|Any CPU
		{34B8CD31-E3EC-4E70-9200-DF0A34DF44F9}.Debug|Any CPU.ActiveCfg = Debug|Any CPU
		{34B8CD31-E3EC-4E70-9200-DF0A34DF44F9}.Debug|Any CPU.Build.0 = Debug|Any CPU
		{34B8CD31-E3EC-4E70-9200-DF0A34DF44F9}.Release|Any CPU.ActiveCfg = Release|Any CPU
		{34B8CD31-E3EC-4E70-9200-DF0A34DF44F9}.Release|Any CPU.Build.0 = Release|Any CPU
		{D134113E-514E-4772-AEAE-75108D7020C1}.Debug|Any CPU.ActiveCfg = Debug|Any CPU
		{D134113E-514E-4772-AEAE-75108D7020C1}.Debug|Any CPU.Build.0 = Debug|Any CPU
		{D134113E-514E-4772-AEAE-75108D7020C1}.Release|Any CPU.ActiveCfg = Release|Any CPU
		{D134113E-514E-4772-AEAE-75108D7020C1}.Release|Any CPU.Build.0 = Release|Any CPU
		{82C247F2-7986-4116-9C7E-F1F3D5C5389F}.Debug|Any CPU.ActiveCfg = Debug|Any CPU
		{82C247F2-7986-4116-9C7E-F1F3D5C5389F}.Debug|Any CPU.Build.0 = Debug|Any CPU
		{82C247F2-7986-4116-9C7E-F1F3D5C5389F}.Release|Any CPU.ActiveCfg = Release|Any CPU
		{82C247F2-7986-4116-9C7E-F1F3D5C5389F}.Release|Any CPU.Build.0 = Release|Any CPU
		{2EDCF581-F9B0-49BF-860D-738CA9C935D2}.Debug|Any CPU.ActiveCfg = Debug|Any CPU
		{2EDCF581-F9B0-49BF-860D-738CA9C935D2}.Debug|Any CPU.Build.0 = Debug|Any CPU
		{2EDCF581-F9B0-49BF-860D-738CA9C935D2}.Release|Any CPU.ActiveCfg = Release|Any CPU
		{2EDCF581-F9B0-49BF-860D-738CA9C935D2}.Release|Any CPU.Build.0 = Release|Any CPU
		{CF60E095-063B-4061-B7D5-A6F7982F24C6}.Debug|Any CPU.ActiveCfg = Debug|Any CPU
		{CF60E095-063B-4061-B7D5-A6F7982F24C6}.Debug|Any CPU.Build.0 = Debug|Any CPU
		{CF60E095-063B-4061-B7D5-A6F7982F24C6}.Release|Any CPU.ActiveCfg = Release|Any CPU
		{CF60E095-063B-4061-B7D5-A6F7982F24C6}.Release|Any CPU.Build.0 = Release|Any CPU
		{3FF16CB5-9CC4-4BBC-96D5-E19AAB16C863}.Debug|Any CPU.ActiveCfg = Debug|Any CPU
		{3FF16CB5-9CC4-4BBC-96D5-E19AAB16C863}.Debug|Any CPU.Build.0 = Debug|Any CPU
		{3FF16CB5-9CC4-4BBC-96D5-E19AAB16C863}.Release|Any CPU.ActiveCfg = Release|Any CPU
		{3FF16CB5-9CC4-4BBC-96D5-E19AAB16C863}.Release|Any CPU.Build.0 = Release|Any CPU
		{00302E7F-CDEE-4618-8033-CDC692582D6D}.Debug|Any CPU.ActiveCfg = Debug|Any CPU
		{00302E7F-CDEE-4618-8033-CDC692582D6D}.Debug|Any CPU.Build.0 = Debug|Any CPU
		{00302E7F-CDEE-4618-8033-CDC692582D6D}.Release|Any CPU.ActiveCfg = Release|Any CPU
		{00302E7F-CDEE-4618-8033-CDC692582D6D}.Release|Any CPU.Build.0 = Release|Any CPU
		{AD6DAD05-7C43-457E-88C2-E77B9E029175}.Debug|Any CPU.ActiveCfg = Debug|Any CPU
		{AD6DAD05-7C43-457E-88C2-E77B9E029175}.Debug|Any CPU.Build.0 = Debug|Any CPU
		{AD6DAD05-7C43-457E-88C2-E77B9E029175}.Release|Any CPU.ActiveCfg = Release|Any CPU
		{AD6DAD05-7C43-457E-88C2-E77B9E029175}.Release|Any CPU.Build.0 = Release|Any CPU
		{3D29E54F-F2F1-4A49-AD97-46AB351EE3F1}.Debug|Any CPU.ActiveCfg = Debug|Any CPU
		{3D29E54F-F2F1-4A49-AD97-46AB351EE3F1}.Debug|Any CPU.Build.0 = Debug|Any CPU
		{3D29E54F-F2F1-4A49-AD97-46AB351EE3F1}.Release|Any CPU.ActiveCfg = Release|Any CPU
		{3D29E54F-F2F1-4A49-AD97-46AB351EE3F1}.Release|Any CPU.Build.0 = Release|Any CPU
		{C7A1781D-743D-42AB-89DE-CE1EDCED42A5}.Debug|Any CPU.ActiveCfg = Debug|Any CPU
		{C7A1781D-743D-42AB-89DE-CE1EDCED42A5}.Debug|Any CPU.Build.0 = Debug|Any CPU
		{C7A1781D-743D-42AB-89DE-CE1EDCED42A5}.Release|Any CPU.ActiveCfg = Release|Any CPU
		{C7A1781D-743D-42AB-89DE-CE1EDCED42A5}.Release|Any CPU.Build.0 = Release|Any CPU
		{28E5B783-8FD6-4C17-A645-47C2EAE31D48}.Debug|Any CPU.ActiveCfg = Debug|Any CPU
		{28E5B783-8FD6-4C17-A645-47C2EAE31D48}.Debug|Any CPU.Build.0 = Debug|Any CPU
		{28E5B783-8FD6-4C17-A645-47C2EAE31D48}.Release|Any CPU.ActiveCfg = Release|Any CPU
		{28E5B783-8FD6-4C17-A645-47C2EAE31D48}.Release|Any CPU.Build.0 = Release|Any CPU
	EndGlobalSection
EndGlobal
